<?xml version="1.0" encoding="utf-8"?>
<Project ToolsVersion="4.0" xmlns="http://schemas.microsoft.com/developer/msbuild/2003">
  <ItemGroup>
    <Filter Include="Source Files">
      <UniqueIdentifier>{4FC737F1-C7A5-4376-A066-2A32D752A2FF}</UniqueIdentifier>
      <Extensions>cpp;c;cc;cxx;c++;cppm;ixx;def;odl;idl;hpj;bat;asm;asmx</Extensions>
    </Filter>
    <Filter Include="Header Files">
      <UniqueIdentifier>{93995380-89BD-4b04-88EB-625FBE52EBFB}</UniqueIdentifier>
      <Extensions>h;hh;hpp;hxx;h++;hm;inl;inc;ipp;xsd</Extensions>
    </Filter>
  </ItemGroup>
  <ItemGroup>
    <ClInclude Include="AddCitizenCommand.h">
      <Filter>Header Files</Filter>
    </ClInclude>
    <ClInclude Include="AddPartyCommand.h">
      <Filter>Header Files</Filter>
    </ClInclude>
    <ClInclude Include="AddStateCommand.h">
      <Filter>Header Files</Filter>
    </ClInclude>
    <ClInclude Include="AddStuffCommand.h">
      <Filter>Header Files</Filter>
    </ClInclude>
    <ClInclude Include="AddVoteCommand.h">
      <Filter>Header Files</Filter>
    </ClInclude>
    <ClInclude Include="Application.h">
      <Filter>Header Files</Filter>
    </ClInclude>
    <ClInclude Include="Button.h">
      <Filter>Header Files</Filter>
    </ClInclude>
    <ClInclude Include="citizen.h">
      <Filter>Header Files</Filter>
    </ClInclude>
    <ClInclude Include="ClearCommand.h">
      <Filter>Header Files</Filter>
    </ClInclude>
    <ClInclude Include="CompareByNumElectors.h">
      <Filter>Header Files</Filter>
    </ClInclude>
    <ClInclude Include="CompareByVotes.h">
      <Filter>Header Files</Filter>
    </ClInclude>
    <ClInclude Include="Counter.h">
      <Filter>Header Files</Filter>
    </ClInclude>
    <ClInclude Include="CreateElectionCommand.h">
      <Filter>Header Files</Filter>
    </ClInclude>
    <ClInclude Include="Date.h">
      <Filter>Header Files</Filter>
    </ClInclude>
    <ClInclude Include="DividedState.h">
      <Filter>Header Files</Filter>
    </ClInclude>
    <ClInclude Include="DynamicArray.h">
      <Filter>Header Files</Filter>
    </ClInclude>
    <ClInclude Include="ElectCitizenCommand.h">
      <Filter>Header Files</Filter>
    </ClInclude>
    <ClInclude Include="Election.h">
      <Filter>Header Files</Filter>
    </ClInclude>
    <ClInclude Include="ElectionLoader.h">
      <Filter>Header Files</Filter>
    </ClInclude>
    <ClInclude Include="ElectionUIHandler.h">
      <Filter>Header Files</Filter>
    </ClInclude>
    <ClInclude Include="GenerateTestCommand.h">
      <Filter>Header Files</Filter>
    </ClInclude>
    <ClInclude Include="ExitCommand.h">
      <Filter>Header Files</Filter>
    </ClInclude>
    <ClInclude Include="ICommand.h">
      <Filter>Header Files</Filter>
    </ClInclude>
    <ClInclude Include="LoadElectionCommand.h">
      <Filter>Header Files</Filter>
    </ClInclude>
    <ClInclude Include="Menu.h">
      <Filter>Header Files</Filter>
    </ClInclude>
    <ClInclude Include="MenuFactory.h">
      <Filter>Header Files</Filter>
    </ClInclude>
    <ClInclude Include="party.h">
      <Filter>Header Files</Filter>
    </ClInclude>
    <ClInclude Include="SaveElectionCommand.h">
      <Filter>Header Files</Filter>
    </ClInclude>
    <ClInclude Include="Serializable.h">
      <Filter>Header Files</Filter>
    </ClInclude>
    <ClInclude Include="ShowCitizensCommand.h">
      <Filter>Header Files</Filter>
    </ClInclude>
    <ClInclude Include="ShowPartiesCommand.h">
      <Filter>Header Files</Filter>
    </ClInclude>
    <ClInclude Include="ShowResultsCommand.h">
      <Filter>Header Files</Filter>
    </ClInclude>
    <ClInclude Include="ShowStatesCommand.h">
      <Filter>Header Files</Filter>
    </ClInclude>
    <ClInclude Include="ShowVotesCommand.h">
      <Filter>Header Files</Filter>
    </ClInclude>
    <ClInclude Include="SimpleElection.h">
      <Filter>Header Files</Filter>
    </ClInclude>
    <ClInclude Include="StandardElection.h">
      <Filter>Header Files</Filter>
    </ClInclude>
    <ClInclude Include="state.h">
      <Filter>Header Files</Filter>
    </ClInclude>
    <ClInclude Include="StateLoader.h">
      <Filter>Header Files</Filter>
    </ClInclude>
    <ClInclude Include="UnifiedState.h">
      <Filter>Header Files</Filter>
    </ClInclude>
  </ItemGroup>
  <ItemGroup>
    <ClCompile Include="Application.cpp">
      <Filter>Source Files</Filter>
    </ClCompile>
    <ClCompile Include="Button.cpp">
      <Filter>Source Files</Filter>
    </ClCompile>
    <ClCompile Include="citizen.cpp">
      <Filter>Source Files</Filter>
    </ClCompile>
    <ClCompile Include="Counter.cpp">
      <Filter>Source Files</Filter>
    </ClCompile>
    <ClCompile Include="Date.cpp">
      <Filter>Source Files</Filter>
    </ClCompile>
    <ClCompile Include="DividedState.cpp">
      <Filter>Source Files</Filter>
    </ClCompile>
    <ClCompile Include="DynamicArray.cpp">
      <Filter>Source Files</Filter>
    </ClCompile>
    <ClCompile Include="Election.cpp">
      <Filter>Source Files</Filter>
    </ClCompile>
    <ClCompile Include="ElectionLoader.cpp">
      <Filter>Source Files</Filter>
    </ClCompile>
    <ClCompile Include="ElectionUIHandler.cpp">
      <Filter>Source Files</Filter>
    </ClCompile>
    <ClCompile Include="main.cpp">
      <Filter>Source Files</Filter>
    </ClCompile>
    <ClCompile Include="Menu.cpp">
      <Filter>Source Files</Filter>
    </ClCompile>
    <ClCompile Include="MenuFactory.cpp">
      <Filter>Source Files</Filter>
    </ClCompile>
    <ClCompile Include="party.cpp">
      <Filter>Source Files</Filter>
    </ClCompile>
    <ClCompile Include="SimpleElection.cpp">
      <Filter>Source Files</Filter>
    </ClCompile>
    <ClCompile Include="StandardElection.cpp">
      <Filter>Source Files</Filter>
    </ClCompile>
    <ClCompile Include="state.cpp">
      <Filter>Source Files</Filter>
    </ClCompile>
    <ClCompile Include="StateLoader.cpp">
      <Filter>Source Files</Filter>
    </ClCompile>
    <ClCompile Include="UnifiedState.cpp">
      <Filter>Source Files</Filter>
    </ClCompile>
  </ItemGroup>
</Project>